// !$*UTF8*$!
{
	archiveVersion = 1;
	classes = {
	};
	objectVersion = 56;
	objects = {

/* Begin PBXBuildFile section */
		4A16B54E2A8BA79E0044E480 /* AppDelegate.swift in Sources */ = {isa = PBXBuildFile; fileRef = 4A16B54D2A8BA79E0044E480 /* AppDelegate.swift */; };
		4A16B5502A8BA79E0044E480 /* SceneDelegate.swift in Sources */ = {isa = PBXBuildFile; fileRef = 4A16B54F2A8BA79E0044E480 /* SceneDelegate.swift */; };
		4A16B5522A8BA79E0044E480 /* ViewController.swift in Sources */ = {isa = PBXBuildFile; fileRef = 4A16B5512A8BA79E0044E480 /* ViewController.swift */; };
		4A16B5552A8BA79E0044E480 /* Main.storyboard in Resources */ = {isa = PBXBuildFile; fileRef = 4A16B5532A8BA79E0044E480 /* Main.storyboard */; };
		4A16B5572A8BA7A10044E480 /* Assets.xcassets in Resources */ = {isa = PBXBuildFile; fileRef = 4A16B5562A8BA7A10044E480 /* Assets.xcassets */; };
		4A16B55A2A8BA7A10044E480 /* LaunchScreen.storyboard in Resources */ = {isa = PBXBuildFile; fileRef = 4A16B5582A8BA7A10044E480 /* LaunchScreen.storyboard */; };
		4A2DA72B2CF637DB003CB79A /* LoadingStateModifier.swift in Sources */ = {isa = PBXBuildFile; fileRef = 4A2DA72A2CF637CD003CB79A /* LoadingStateModifier.swift */; };
		4A2DA72D2CF6383B003CB79A /* ActivityIndicator.swift in Sources */ = {isa = PBXBuildFile; fileRef = 4A2DA72C2CF63832003CB79A /* ActivityIndicator.swift */; };
		4A5E6FFD2A8D2C2B002EEF5B /* SamplePhoto.swift in Sources */ = {isa = PBXBuildFile; fileRef = 4A5E6FFC2A8D2C2B002EEF5B /* SamplePhoto.swift */; };
		4A5E70002A8D2D8D002EEF5B /* NetworkRouter.swift in Sources */ = {isa = PBXBuildFile; fileRef = 4A5E6FFF2A8D2D8D002EEF5B /* NetworkRouter.swift */; };
		4A5E70032A8D2E37002EEF5B /* ErrorHandler.swift in Sources */ = {isa = PBXBuildFile; fileRef = 4A5E70022A8D2E37002EEF5B /* ErrorHandler.swift */; };
		4A5E70062A8D3716002EEF5B /* PhotosViewModel.swift in Sources */ = {isa = PBXBuildFile; fileRef = 4A5E70052A8D3716002EEF5B /* PhotosViewModel.swift */; };
		4A5E70092A8D3892002EEF5B /* PhotosList.swift in Sources */ = {isa = PBXBuildFile; fileRef = 4A5E70082A8D3892002EEF5B /* PhotosList.swift */; };
		4A5E700B2A8D38E1002EEF5B /* PhotoViewModel.swift in Sources */ = {isa = PBXBuildFile; fileRef = 4A5E700A2A8D38E1002EEF5B /* PhotoViewModel.swift */; };
		4A5E700D2A8D3A04002EEF5B /* PhotoCell.swift in Sources */ = {isa = PBXBuildFile; fileRef = 4A5E700C2A8D3A04002EEF5B /* PhotoCell.swift */; };
/* End PBXBuildFile section */

/* Begin PBXFileReference section */
		4A16B54A2A8BA79E0044E480 /* UIKit-SwiftUI.app */ = {isa = PBXFileReference; explicitFileType = wrapper.application; includeInIndex = 0; path = "UIKit-SwiftUI.app"; sourceTree = BUILT_PRODUCTS_DIR; };
		4A16B54D2A8BA79E0044E480 /* AppDelegate.swift */ = {isa = PBXFileReference; lastKnownFileType = sourcecode.swift; path = AppDelegate.swift; sourceTree = "<group>"; };
		4A16B54F2A8BA79E0044E480 /* SceneDelegate.swift */ = {isa = PBXFileReference; lastKnownFileType = sourcecode.swift; path = SceneDelegate.swift; sourceTree = "<group>"; };
		4A16B5512A8BA79E0044E480 /* ViewController.swift */ = {isa = PBXFileReference; lastKnownFileType = sourcecode.swift; path = ViewController.swift; sourceTree = "<group>"; };
		4A16B5542A8BA79E0044E480 /* Base */ = {isa = PBXFileReference; lastKnownFileType = file.storyboard; name = Base; path = Base.lproj/Main.storyboard; sourceTree = "<group>"; };
		4A16B5562A8BA7A10044E480 /* Assets.xcassets */ = {isa = PBXFileReference; lastKnownFileType = folder.assetcatalog; path = Assets.xcassets; sourceTree = "<group>"; };
		4A16B5592A8BA7A10044E480 /* Base */ = {isa = PBXFileReference; lastKnownFileType = file.storyboard; name = Base; path = Base.lproj/LaunchScreen.storyboard; sourceTree = "<group>"; };
		4A16B55B2A8BA7A10044E480 /* Info.plist */ = {isa = PBXFileReference; lastKnownFileType = text.plist.xml; path = Info.plist; sourceTree = "<group>"; };
		4A2DA72A2CF637CD003CB79A /* LoadingStateModifier.swift */ = {isa = PBXFileReference; lastKnownFileType = sourcecode.swift; path = LoadingStateModifier.swift; sourceTree = "<group>"; };
		4A2DA72C2CF63832003CB79A /* ActivityIndicator.swift */ = {isa = PBXFileReference; lastKnownFileType = sourcecode.swift; path = ActivityIndicator.swift; sourceTree = "<group>"; };
		4A5E6FFC2A8D2C2B002EEF5B /* SamplePhoto.swift */ = {isa = PBXFileReference; lastKnownFileType = sourcecode.swift; path = SamplePhoto.swift; sourceTree = "<group>"; };
		4A5E6FFF2A8D2D8D002EEF5B /* NetworkRouter.swift */ = {isa = PBXFileReference; lastKnownFileType = sourcecode.swift; path = NetworkRouter.swift; sourceTree = "<group>"; };
		4A5E70022A8D2E37002EEF5B /* ErrorHandler.swift */ = {isa = PBXFileReference; lastKnownFileType = sourcecode.swift; path = ErrorHandler.swift; sourceTree = "<group>"; };
		4A5E70052A8D3716002EEF5B /* PhotosViewModel.swift */ = {isa = PBXFileReference; lastKnownFileType = sourcecode.swift; path = PhotosViewModel.swift; sourceTree = "<group>"; };
		4A5E70082A8D3892002EEF5B /* PhotosList.swift */ = {isa = PBXFileReference; lastKnownFileType = sourcecode.swift; path = PhotosList.swift; sourceTree = "<group>"; };
		4A5E700A2A8D38E1002EEF5B /* PhotoViewModel.swift */ = {isa = PBXFileReference; lastKnownFileType = sourcecode.swift; path = PhotoViewModel.swift; sourceTree = "<group>"; };
		4A5E700C2A8D3A04002EEF5B /* PhotoCell.swift */ = {isa = PBXFileReference; lastKnownFileType = sourcecode.swift; path = PhotoCell.swift; sourceTree = "<group>"; };
/* End PBXFileReference section */

/* Begin PBXFrameworksBuildPhase section */
		4A16B5472A8BA79E0044E480 /* Frameworks */ = {
			isa = PBXFrameworksBuildPhase;
			buildActionMask = 2147483647;
			files = (
			);
			runOnlyForDeploymentPostprocessing = 0;
		};
/* End PBXFrameworksBuildPhase section */

/* Begin PBXGroup section */
		4A16B5412A8BA79E0044E480 = {
			isa = PBXGroup;
			children = (
				4A16B54C2A8BA79E0044E480 /* UIKit-SwiftUI */,
				4A16B54B2A8BA79E0044E480 /* Products */,
			);
			sourceTree = "<group>";
		};
		4A16B54B2A8BA79E0044E480 /* Products */ = {
			isa = PBXGroup;
			children = (
				4A16B54A2A8BA79E0044E480 /* UIKit-SwiftUI.app */,
			);
			name = Products;
			sourceTree = "<group>";
		};
		4A16B54C2A8BA79E0044E480 /* UIKit-SwiftUI */ = {
			isa = PBXGroup;
			children = (
				4A2DA7292CF637B9003CB79A /* ViewModifiers */,
				4A5E70072A8D387D002EEF5B /* SwiftUIViews */,
				4A5E70042A8D36B7002EEF5B /* ViewModels */,
				4A5E70012A8D2DFD002EEF5B /* ErrorHandler */,
				4A5E6FFE2A8D2D6C002EEF5B /* NetworkRouter */,
				4A5E6FFB2A8D2C17002EEF5B /* Model */,
				4A16B54D2A8BA79E0044E480 /* AppDelegate.swift */,
				4A16B54F2A8BA79E0044E480 /* SceneDelegate.swift */,
				4A16B5512A8BA79E0044E480 /* ViewController.swift */,
				4A16B5532A8BA79E0044E480 /* Main.storyboard */,
				4A16B5562A8BA7A10044E480 /* Assets.xcassets */,
				4A16B5582A8BA7A10044E480 /* LaunchScreen.storyboard */,
				4A16B55B2A8BA7A10044E480 /* Info.plist */,
			);
			path = "UIKit-SwiftUI";
			sourceTree = "<group>";
		};
		4A2DA7292CF637B9003CB79A /* ViewModifiers */ = {
			isa = PBXGroup;
			children = (
				4A2DA72C2CF63832003CB79A /* ActivityIndicator.swift */,
				4A2DA72A2CF637CD003CB79A /* LoadingStateModifier.swift */,
			);
			path = ViewModifiers;
			sourceTree = "<group>";
		};
		4A5E6FFB2A8D2C17002EEF5B /* Model */ = {
			isa = PBXGroup;
			children = (
				4A5E6FFC2A8D2C2B002EEF5B /* SamplePhoto.swift */,
			);
			path = Model;
			sourceTree = "<group>";
		};
		4A5E6FFE2A8D2D6C002EEF5B /* NetworkRouter */ = {
			isa = PBXGroup;
			children = (
				4A5E6FFF2A8D2D8D002EEF5B /* NetworkRouter.swift */,
			);
			path = NetworkRouter;
			sourceTree = "<group>";
		};
		4A5E70012A8D2DFD002EEF5B /* ErrorHandler */ = {
			isa = PBXGroup;
			children = (
				4A5E70022A8D2E37002EEF5B /* ErrorHandler.swift */,
			);
			path = ErrorHandler;
			sourceTree = "<group>";
		};
		4A5E70042A8D36B7002EEF5B /* ViewModels */ = {
			isa = PBXGroup;
			children = (
				4A5E70052A8D3716002EEF5B /* PhotosViewModel.swift */,
				4A5E700A2A8D38E1002EEF5B /* PhotoViewModel.swift */,
			);
			path = ViewModels;
			sourceTree = "<group>";
		};
		4A5E70072A8D387D002EEF5B /* SwiftUIViews */ = {
			isa = PBXGroup;
			children = (
				4A5E70082A8D3892002EEF5B /* PhotosList.swift */,
				4A5E700C2A8D3A04002EEF5B /* PhotoCell.swift */,
			);
			path = SwiftUIViews;
			sourceTree = "<group>";
		};
/* End PBXGroup section */

/* Begin PBXNativeTarget section */
		4A16B5492A8BA79E0044E480 /* UIKit-SwiftUI */ = {
			isa = PBXNativeTarget;
			buildConfigurationList = 4A16B55E2A8BA7A10044E480 /* Build configuration list for PBXNativeTarget "UIKit-SwiftUI" */;
			buildPhases = (
				4A16B5462A8BA79E0044E480 /* Sources */,
				4A16B5472A8BA79E0044E480 /* Frameworks */,
				4A16B5482A8BA79E0044E480 /* Resources */,
			);
			buildRules = (
			);
			dependencies = (
			);
			name = "UIKit-SwiftUI";
			productName = "UIKit-SwiftUI";
			productReference = 4A16B54A2A8BA79E0044E480 /* UIKit-SwiftUI.app */;
			productType = "com.apple.product-type.application";
		};
/* End PBXNativeTarget section */

/* Begin PBXProject section */
		4A16B5422A8BA79E0044E480 /* Project object */ = {
			isa = PBXProject;
			attributes = {
				BuildIndependentTargetsInParallel = 1;
				LastSwiftUpdateCheck = 1400;
				LastUpgradeCheck = 1400;
				TargetAttributes = {
					4A16B5492A8BA79E0044E480 = {
						CreatedOnToolsVersion = 14.0;
					};
				};
			};
			buildConfigurationList = 4A16B5452A8BA79E0044E480 /* Build configuration list for PBXProject "UIKit-SwiftUI" */;
			compatibilityVersion = "Xcode 14.0";
			developmentRegion = en;
			hasScannedForEncodings = 0;
			knownRegions = (
				en,
				Base,
			);
			mainGroup = 4A16B5412A8BA79E0044E480;
			productRefGroup = 4A16B54B2A8BA79E0044E480 /* Products */;
			projectDirPath = "";
			projectRoot = "";
			targets = (
				4A16B5492A8BA79E0044E480 /* UIKit-SwiftUI */,
			);
		};
/* End PBXProject section */

/* Begin PBXResourcesBuildPhase section */
		4A16B5482A8BA79E0044E480 /* Resources */ = {
			isa = PBXResourcesBuildPhase;
			buildActionMask = 2147483647;
			files = (
				4A16B55A2A8BA7A10044E480 /* LaunchScreen.storyboard in Resources */,
				4A16B5572A8BA7A10044E480 /* Assets.xcassets in Resources */,
				4A16B5552A8BA79E0044E480 /* Main.storyboard in Resources */,
			);
			runOnlyForDeploymentPostprocessing = 0;
		};
/* End PBXResourcesBuildPhase section */

/* Begin PBXSourcesBuildPhase section */
		4A16B5462A8BA79E0044E480 /* Sources */ = {
			isa = PBXSourcesBuildPhase;
			buildActionMask = 2147483647;
			files = (
				4A5E70062A8D3716002EEF5B /* PhotosViewModel.swift in Sources */,
				4A5E6FFD2A8D2C2B002EEF5B /* SamplePhoto.swift in Sources */,
				4A16B5522A8BA79E0044E480 /* ViewController.swift in Sources */,
				4A5E70002A8D2D8D002EEF5B /* NetworkRouter.swift in Sources */,
				4A2DA72D2CF6383B003CB79A /* ActivityIndicator.swift in Sources */,
				4A2DA72B2CF637DB003CB79A /* LoadingStateModifier.swift in Sources */,
				4A5E700B2A8D38E1002EEF5B /* PhotoViewModel.swift in Sources */,
				4A5E70092A8D3892002EEF5B /* PhotosList.swift in Sources */,
				4A5E700D2A8D3A04002EEF5B /* PhotoCell.swift in Sources */,
				4A5E70032A8D2E37002EEF5B /* ErrorHandler.swift in Sources */,
				4A16B54E2A8BA79E0044E480 /* AppDelegate.swift in Sources */,
				4A16B5502A8BA79E0044E480 /* SceneDelegate.swift in Sources */,
			);
			runOnlyForDeploymentPostprocessing = 0;
		};
/* End PBXSourcesBuildPhase section */

/* Begin PBXVariantGroup section */
		4A16B5532A8BA79E0044E480 /* Main.storyboard */ = {
			isa = PBXVariantGroup;
			children = (
				4A16B5542A8BA79E0044E480 /* Base */,
			);
			name = Main.storyboard;
			sourceTree = "<group>";
		};
		4A16B5582A8BA7A10044E480 /* LaunchScreen.storyboard */ = {
			isa = PBXVariantGroup;
			children = (
				4A16B5592A8BA7A10044E480 /* Base */,
			);
			name = LaunchScreen.storyboard;
			sourceTree = "<group>";
		};
/* End PBXVariantGroup section */

/* Begin XCBuildConfiguration section */
		4A16B55C2A8BA7A10044E480 /* Debug */ = {
			isa = XCBuildConfiguration;
			buildSettings = {
				ALWAYS_SEARCH_USER_PATHS = NO;
				CLANG_ANALYZER_NONNULL = YES;
				CLANG_ANALYZER_NUMBER_OBJECT_CONVERSION = YES_AGGRESSIVE;
				CLANG_CXX_LANGUAGE_STANDARD = "gnu++20";
				CLANG_ENABLE_MODULES = YES;
				CLANG_ENABLE_OBJC_ARC = YES;
				CLANG_ENABLE_OBJC_WEAK = YES;
				CLANG_WARN_BLOCK_CAPTURE_AUTORELEASING = YES;
				CLANG_WARN_BOOL_CONVERSION = YES;
				CLANG_WARN_COMMA = YES;
				CLANG_WARN_CONSTANT_CONVERSION = YES;
				CLANG_WARN_DEPRECATED_OBJC_IMPLEMENTATIONS = YES;
				CLANG_WARN_DIRECT_OBJC_ISA_USAGE = YES_ERROR;
				CLANG_WARN_DOCUMENTATION_COMMENTS = YES;
				CLANG_WARN_EMPTY_BODY = YES;
				CLANG_WARN_ENUM_CONVERSION = YES;
				CLANG_WARN_INFINITE_RECURSION = YES;
				CLANG_WARN_INT_CONVERSION = YES;
				CLANG_WARN_NON_LITERAL_NULL_CONVERSION = YES;
				CLANG_WARN_OBJC_IMPLICIT_RETAIN_SELF = YES;
				CLANG_WARN_OBJC_LITERAL_CONVERSION = YES;
				CLANG_WARN_OBJC_ROOT_CLASS = YES_ERROR;
				CLANG_WARN_QUOTED_INCLUDE_IN_FRAMEWORK_HEADER = YES;
				CLANG_WARN_RANGE_LOOP_ANALYSIS = YES;
				CLANG_WARN_STRICT_PROTOTYPES = YES;
				CLANG_WARN_SUSPICIOUS_MOVE = YES;
				CLANG_WARN_UNGUARDED_AVAILABILITY = YES_AGGRESSIVE;
				CLANG_WARN_UNREACHABLE_CODE = YES;
				CLANG_WARN__DUPLICATE_METHOD_MATCH = YES;
				COPY_PHASE_STRIP = NO;
				DEBUG_INFORMATION_FORMAT = dwarf;
				ENABLE_STRICT_OBJC_MSGSEND = YES;
				ENABLE_TESTABILITY = YES;
				GCC_C_LANGUAGE_STANDARD = gnu11;
				GCC_DYNAMIC_NO_PIC = NO;
				GCC_NO_COMMON_BLOCKS = YES;
				GCC_OPTIMIZATION_LEVEL = 0;
				GCC_PREPROCESSOR_DEFINITIONS = (
					"DEBUG=1",
					"$(inherited)",
				);
				GCC_WARN_64_TO_32_BIT_CONVERSION = YES;
				GCC_WARN_ABOUT_RETURN_TYPE = YES_ERROR;
				GCC_WARN_UNDECLARED_SELECTOR = YES;
				GCC_WARN_UNINITIALIZED_AUTOS = YES_AGGRESSIVE;
				GCC_WARN_UNUSED_FUNCTION = YES;
				GCC_WARN_UNUSED_VARIABLE = YES;
				IPHONEOS_DEPLOYMENT_TARGET = 16.0;
				MTL_ENABLE_DEBUG_INFO = INCLUDE_SOURCE;
				MTL_FAST_MATH = YES;
				ONLY_ACTIVE_ARCH = YES;
				SDKROOT = iphoneos;
				SWIFT_ACTIVE_COMPILATION_CONDITIONS = DEBUG;
				SWIFT_OPTIMIZATION_LEVEL = "-Onone";
			};
			name = Debug;
		};
		4A16B55D2A8BA7A10044E480 /* Release */ = {
			isa = XCBuildConfiguration;
			buildSettings = {
				ALWAYS_SEARCH_USER_PATHS = NO;
				CLANG_ANALYZER_NONNULL = YES;
				CLANG_ANALYZER_NUMBER_OBJECT_CONVERSION = YES_AGGRESSIVE;
				CLANG_CXX_LANGUAGE_STANDARD = "gnu++20";
				CLANG_ENABLE_MODULES = YES;
				CLANG_ENABLE_OBJC_ARC = YES;
				CLANG_ENABLE_OBJC_WEAK = YES;
				CLANG_WARN_BLOCK_CAPTURE_AUTORELEASING = YES;
				CLANG_WARN_BOOL_CONVERSION = YES;
				CLANG_WARN_COMMA = YES;
				CLANG_WARN_CONSTANT_CONVERSION = YES;
				CLANG_WARN_DEPRECATED_OBJC_IMPLEMENTATIONS = YES;
				CLANG_WARN_DIRECT_OBJC_ISA_USAGE = YES_ERROR;
				CLANG_WARN_DOCUMENTATION_COMMENTS = YES;
				CLANG_WARN_EMPTY_BODY = YES;
				CLANG_WARN_ENUM_CONVERSION = YES;
				CLANG_WARN_INFINITE_RECURSION = YES;
				CLANG_WARN_INT_CONVERSION = YES;
				CLANG_WARN_NON_LITERAL_NULL_CONVERSION = YES;
				CLANG_WARN_OBJC_IMPLICIT_RETAIN_SELF = YES;
				CLANG_WARN_OBJC_LITERAL_CONVERSION = YES;
				CLANG_WARN_OBJC_ROOT_CLASS = YES_ERROR;
				CLANG_WARN_QUOTED_INCLUDE_IN_FRAMEWORK_HEADER = YES;
				CLANG_WARN_RANGE_LOOP_ANALYSIS = YES;
				CLANG_WARN_STRICT_PROTOTYPES = YES;
				CLANG_WARN_SUSPICIOUS_MOVE = YES;
				CLANG_WARN_UNGUARDED_AVAILABILITY = YES_AGGRESSIVE;
				CLANG_WARN_UNREACHABLE_CODE = YES;
				CLANG_WARN__DUPLICATE_METHOD_MATCH = YES;
				COPY_PHASE_STRIP = NO;
				DEBUG_INFORMATION_FORMAT = "dwarf-with-dsym";
				ENABLE_NS_ASSERTIONS = NO;
				ENABLE_STRICT_OBJC_MSGSEND = YES;
				GCC_C_LANGUAGE_STANDARD = gnu11;
				GCC_NO_COMMON_BLOCKS = YES;
				GCC_WARN_64_TO_32_BIT_CONVERSION = YES;
				GCC_WARN_ABOUT_RETURN_TYPE = YES_ERROR;
				GCC_WARN_UNDECLARED_SELECTOR = YES;
				GCC_WARN_UNINITIALIZED_AUTOS = YES_AGGRESSIVE;
				GCC_WARN_UNUSED_FUNCTION = YES;
				GCC_WARN_UNUSED_VARIABLE = YES;
				IPHONEOS_DEPLOYMENT_TARGET = 16.0;
				MTL_ENABLE_DEBUG_INFO = NO;
				MTL_FAST_MATH = YES;
				SDKROOT = iphoneos;
				SWIFT_COMPILATION_MODE = wholemodule;
				SWIFT_OPTIMIZATION_LEVEL = "-O";
				VALIDATE_PRODUCT = YES;
			};
			name = Release;
		};
		4A16B55F2A8BA7A10044E480 /* Debug */ = {
			isa = XCBuildConfiguration;
			buildSettings = {
				ASSETCATALOG_COMPILER_APPICON_NAME = AppIcon;
				ASSETCATALOG_COMPILER_GLOBAL_ACCENT_COLOR_NAME = AccentColor;
				CODE_SIGN_STYLE = Automatic;
				CURRENT_PROJECT_VERSION = 1;
				DEVELOPMENT_TEAM = 3K558Y5NQS;
				GENERATE_INFOPLIST_FILE = YES;
				INFOPLIST_FILE = "UIKit-SwiftUI/Info.plist";
				INFOPLIST_KEY_UIApplicationSupportsIndirectInputEvents = YES;
				INFOPLIST_KEY_UILaunchStoryboardName = LaunchScreen;
				INFOPLIST_KEY_UIMainStoryboardFile = Main;
				INFOPLIST_KEY_UISupportedInterfaceOrientations = UIInterfaceOrientationPortrait;
				IPHONEOS_DEPLOYMENT_TARGET = 16.0;
				LD_RUNPATH_SEARCH_PATHS = (
					"$(inherited)",
					"@executable_path/Frameworks",
				);
				MARKETING_VERSION = 1.0;
				PRODUCT_BUNDLE_IDENTIFIER = "com.sachindaingade.UIKit-SwiftUI";
				PRODUCT_NAME = "$(TARGET_NAME)";
				SUPPORTED_PLATFORMS = "iphoneos iphonesimulator";
				SUPPORTS_MACCATALYST = NO;
				SUPPORTS_MAC_DESIGNED_FOR_IPHONE_IPAD = NO;
				SWIFT_EMIT_LOC_STRINGS = YES;
				SWIFT_VERSION = 5.0;
				TARGETED_DEVICE_FAMILY = "1,2";
			};
			name = Debug;
		};
		4A16B5602A8BA7A10044E480 /* Release */ = {
			isa = XCBuildConfiguration;
			buildSettings = {
				ASSETCATALOG_COMPILER_APPICON_NAME = AppIcon;
				ASSETCATALOG_COMPILER_GLOBAL_ACCENT_COLOR_NAME = AccentColor;
				CODE_SIGN_STYLE = Automatic;
				CURRENT_PROJECT_VERSION = 1;
				DEVELOPMENT_TEAM = 3K558Y5NQS;
				GENERATE_INFOPLIST_FILE = YES;
				INFOPLIST_FILE = "UIKit-SwiftUI/Info.plist";
				INFOPLIST_KEY_UIApplicationSupportsIndirectInputEvents = YES;
				INFOPLIST_KEY_UILaunchStoryboardName = LaunchScreen;
				INFOPLIST_KEY_UIMainStoryboardFile = Main;
				INFOPLIST_KEY_UISupportedInterfaceOrientations = UIInterfaceOrientationPortrait;
				IPHONEOS_DEPLOYMENT_TARGET = 16.0;
				LD_RUNPATH_SEARCH_PATHS = (
					"$(inherited)",
					"@executable_path/Frameworks",
				);
				MARKETING_VERSION = 1.0;
				PRODUCT_BUNDLE_IDENTIFIER = "com.sachindaingade.UIKit-SwiftUI";
				PRODUCT_NAME = "$(TARGET_NAME)";
				SUPPORTED_PLATFORMS = "iphoneos iphonesimulator";
				SUPPORTS_MACCATALYST = NO;
				SUPPORTS_MAC_DESIGNED_FOR_IPHONE_IPAD = NO;
				SWIFT_EMIT_LOC_STRINGS = YES;
				SWIFT_VERSION = 5.0;
				TARGETED_DEVICE_FAMILY = "1,2";
			};
			name = Release;
		};
/* End XCBuildConfiguration section */

/* Begin XCConfigurationList section */
		4A16B5452A8BA79E0044E480 /* Build configuration list for PBXProject "UIKit-SwiftUI" */ = {
			isa = XCConfigurationList;
			buildConfigurations = (
				4A16B55C2A8BA7A10044E480 /* Debug */,
				4A16B55D2A8BA7A10044E480 /* Release */,
			);
			defaultConfigurationIsVisible = 0;
			defaultConfigurationName = Release;
		};
		4A16B55E2A8BA7A10044E480 /* Build configuration list for PBXNativeTarget "UIKit-SwiftUI" */ = {
			isa = XCConfigurationList;
			buildConfigurations = (
				4A16B55F2A8BA7A10044E480 /* Debug */,
				4A16B5602A8BA7A10044E480 /* Release */,
			);
			defaultConfigurationIsVisible = 0;
			defaultConfigurationName = Release;
		};
/* End XCConfigurationList section */
	};
	rootObject = 4A16B5422A8BA79E0044E480 /* Project object */;
}
